
Microsoft Visual Studio Solution File, Format Version 12.00
# Visual Studio Version 17
VisualStudioVersion = 17.5.33424.131
MinimumVisualStudioVersion = 10.0.40219.1
Project("{FAE04EC0-301F-11D3-BF4B-00C04F79EFBC}") = "Bakery", "Bakery.csproj", "{60EDE744-A7D2-41A9-98AF-E71D41CED8F4}"
EndProject
Global
	GlobalSection(SolutionConfigurationPlatforms) = preSolution
		Debug|Any CPU = Debug|Any CPU
		Release|Any CPU = Release|Any CPU
	EndGlobalSection
	GlobalSection(ProjectConfigurationPlatforms) = postSolution
		{60EDE744-A7D2-41A9-98AF-E71D41CED8F4}.Debug|Any CPU.ActiveCfg = Debug|Any CPU
		{60EDE744-A7D2-41A9-98AF-E71D41CED8F4}.Debug|Any CPU.Build.0 = Debug|Any CPU
		{60EDE744-A7D2-41A9-98AF-E71D41CED8F4}.Release|Any CPU.ActiveCfg = Release|Any CPU
		{60EDE744-A7D2-41A9-98AF-E71D41CED8F4}.Release|Any CPU.Build.0 = Release|Any CPU
	EndGlobalSection
	GlobalSection(SolutionProperties) = preSolution
		HideSolutionNode = FALSE
	EndGlobalSection
	GlobalSection(ExtensibilityGlobals) = postSolution
		SolutionGuid = {155BA7F0-2C4C-4882-BD02-68BB58C9B2C1}
	EndGlobalSection
EndGlobal
